github.com/go-telegram/bot v1.2.2 h1:LwGbSzjcSi0w4Ke8JUpgbBhJwwYTl2ITmhubeM2WvN8=
github.com/go-telegram/bot v1.2.2/go.mod h1:i2TRs7fXWIeaceF3z7KzsMt/he0TwkVC680mvdTFYeM=
github.com/tdewolff/minify/v2 v2.20.21 h1:8MCHcxXAVO8B7X+v07mwMWBIEtQo65e1JzBqDgZOQpU=
github.com/tdewolff/minify/v2 v2.20.21/go.mod h1:GYaLXFpIIwsX99apQHXfGdISUdlA98wmaoWxjT9C37k=
github.com/tdewolff/parse/v2 v2.7.13 h1:iSiwOUkCYLNfapHoqdLcqZVgvQ0jrsao8YYKP/UJYTI=
github.com/tdewolff/parse/v2 v2.7.13/go.mod h1:3FbJWZp3XT9OWVN3Hmfp0p/a08v4h8J9W1aghka0soA=
github.com/tdewolff/test v1.0.11-0.20231101010635-f1265d231d52/go.mod h1:6DAvZliBAAnD7rhVgwaM7DE5/d9NMOAJ09SqYqeK4QE=
github.com/tdewolff/test v1.0.11-0.20240106005702-7de5f7df4739 h1:IkjBCtQOOjIn03u/dMQK9g+Iw9ewps4mCl1nB8Sscbo=
golang.org/x/exp v0.0.0-20240222234643-814bf88cf225 h1:LfspQV/FYTatPTr/3HzIcmiUFH7PGP+OQ6mgDYo3yuQ=
golang.org/x/exp v0.0.0-20240222234643-814bf88cf225/go.mod h1:CxmFvTBINI24O/j8iY7H1xHzx2i4OsyguNBmN/uPtqc=
golang.org/x/text v0.15.0 h1:h1V/4gjBv8v9cjcR6+AR5+/cIYK5N/WAgiv4xlsEtAk=
golang.org/x/text v0.15.0/go.mod h1:18ZOQIKpY8NJVqYksKHtTdi31H5itFRjB5/qKTNYzSU=
