github.com/go-telegram/bot v1.14.1 h1:ySVCITvYsvBSiChOmr6GolLUcWX2T/ugykc2rjIaaQg=
github.com/go-telegram/bot v1.14.1/go.mod h1:i2TRs7fXWIeaceF3z7KzsMt/he0TwkVC680mvdTFYeM=
github.com/tdewolff/minify/v2 v2.23.0 h1:ZdVmMkGYApnUpmOL/H/PCEk6qg6OFHzVDXgk07z9TW0=
github.com/tdewolff/minify/v2 v2.23.0/go.mod h1:ll/rxPfOGIgN9G4JXg+3jMtPTPEnEJB3nGtEG08sHl8=
github.com/tdewolff/parse/v2 v2.7.22 h1:ROVbrjtp5RoXi22YSZaOks5DaOcXBJ3PZO5hyyQ9Bbs=
github.com/tdewolff/parse/v2 v2.7.22/go.mod h1:I7TXO37t3aSG9SlPUBefAhgIF8nt7yYUwVGgETIoBcA=
github.com/tdewolff/test v1.0.11 h1:FdLbwQVHxqG16SlkGveC0JVyrJN62COWTRyUFzfbtBE=
github.com/tdewolff/test v1.0.11/go.mod h1:XPuWBzvdUzhCuxWO1ojpXsyzsA5bFoS3tO/Q3kFuTG8=
golang.org/x/exp v0.0.0-20241108190413-2d47ceb2692f h1:XdNn9LlyWAhLVp6P/i8QYBW+hlyhrhei9uErw2B5GJo=
golang.org/x/exp v0.0.0-20241108190413-2d47ceb2692f/go.mod h1:D5SMRVC3C2/4+F/DB1wZsLRnSNimn2Sp/NPsCrsv8ak=
golang.org/x/text v0.23.0 h1:D71I7dUrlY+VX0gQShAThNGHFxZ13dGLBHQLVl1mJlY=
golang.org/x/text v0.23.0/go.mod h1:/BLNzu4aZCJ1+kcD0DNRotWKage4q2rGVAg4o22unh4=
