github.com/go-telegram/bot v1.19.0 h1:tuvTQhgNietHFRN0HUDhuXsgfgkGSaO8WWwZQW3DMQg=
github.com/go-telegram/bot v1.19.0/go.mod h1:i2TRs7fXWIeaceF3z7KzsMt/he0TwkVC680mvdTFYeM=
github.com/tdewolff/minify/v2 v2.24.9 h1:W6A570F9N6MuZtg9mdHXD93piZZIWJaGpbAw9Narrfw=
github.com/tdewolff/minify/v2 v2.24.9/go.mod h1:9F66jUzl/Pdf6Q5x0RXFUsI/8N1kjBb3ILg9ABSWoOI=
github.com/tdewolff/parse/v2 v2.8.8 h1:l3yOJ4OUKq1sKeQQxZ7P2yZ6daW/Oq4IDxL98uTOpPI=
github.com/tdewolff/parse/v2 v2.8.8/go.mod h1:Hwlni2tiVNKyzR1o6nUs4FOF07URA+JLBLd6dlIXYqo=
github.com/tdewolff/test v1.0.11 h1:FdLbwQVHxqG16SlkGveC0JVyrJN62COWTRyUFzfbtBE=
github.com/tdewolff/test v1.0.11/go.mod h1:XPuWBzvdUzhCuxWO1ojpXsyzsA5bFoS3tO/Q3kFuTG8=
golang.org/x/exp v0.0.0-20241108190413-2d47ceb2692f h1:XdNn9LlyWAhLVp6P/i8QYBW+hlyhrhei9uErw2B5GJo=
golang.org/x/exp v0.0.0-20241108190413-2d47ceb2692f/go.mod h1:D5SMRVC3C2/4+F/DB1wZsLRnSNimn2Sp/NPsCrsv8ak=
golang.org/x/text v0.34.0 h1:oL/Qq0Kdaqxa1KbNeMKwQq0reLCCaFtqu2eNuSeNHbk=
golang.org/x/text v0.34.0/go.mod h1:homfLqTYRFyVYemLBFl5GgL/DWEiH5wcsQ5gSh1yziA=
